
Microsoft Visual Studio Solution File, Format Version 12.00
# Visual Studio Version 16
VisualStudioVersion = 16.0.31911.196
MinimumVisualStudioVersion = 10.0.40219.1
Project("{888888A0-9F3D-457C-B088-3A5042F75D52}") = "Q2MultiplicationTableModulo", "Q2MultiplicationTableModulo.pyproj", "{6A609AC8-4476-414D-AEB5-C06A7487FC73}"
EndProject
Global
	GlobalSection(SolutionConfigurationPlatforms) = preSolution
		Debug|Any CPU = Debug|Any CPU
		Release|Any CPU = Release|Any CPU
	EndGlobalSection
	GlobalSection(ProjectConfigurationPlatforms) = postSolution
		{6A609AC8-4476-414D-AEB5-C06A7487FC73}.Debug|Any CPU.ActiveCfg = Debug|Any CPU
		{6A609AC8-4476-414D-AEB5-C06A7487FC73}.Release|Any CPU.ActiveCfg = Release|Any CPU
	EndGlobalSection
	GlobalSection(SolutionProperties) = preSolution
		HideSolutionNode = FALSE
	EndGlobalSection
	GlobalSection(ExtensibilityGlobals) = postSolution
		SolutionGuid = {2F7A7F4A-58F4-48CB-81DB-969C208D5C03}
	EndGlobalSection
EndGlobal
